
Microsoft Visual Studio Solution File, Format Version 12.00
# Visual Studio 15
VisualStudioVersion = 15.0.27703.2026
MinimumVisualStudioVersion = 10.0.40219.1
Project("{888888A0-9F3D-457C-B088-3A5042F75D52}") = "DIYAligner", "DIYAligner\DIYAligner.pyproj", "{BA020843-1DEE-487E-ACEF-BC445E33DDF2}"
EndProject
Global
	GlobalSection(SolutionConfigurationPlatforms) = preSolution
		Debug|Any CPU = Debug|Any CPU
		Release|Any CPU = Release|Any CPU
	EndGlobalSection
	GlobalSection(ProjectConfigurationPlatforms) = postSolution
		{BA020843-1DEE-487E-ACEF-BC445E33DDF2}.Debug|Any CPU.ActiveCfg = Debug|Any CPU
		{BA020843-1DEE-487E-ACEF-BC445E33DDF2}.Release|Any CPU.ActiveCfg = Release|Any CPU
	EndGlobalSection
	GlobalSection(SolutionProperties) = preSolution
		HideSolutionNode = FALSE
	EndGlobalSection
	GlobalSection(ExtensibilityGlobals) = postSolution
		SolutionGuid = {88B3F962-FC33-4E57-AD7B-BBC50A3B0449}
	EndGlobalSection
EndGlobal
